// !$*UTF8*$!
{
	archiveVersion = 1;
	classes = {
	};
	objectVersion = 46;
	objects = {
		5E618435888B9D49F8540165 = {
			buildActionMask = 2147483647;
			files = (
				);
			isa = PBXShellScriptBuildPhase;
			runOnlyForDeploymentPostprocessing = 0;
			name = "Qt Qmake";
			shellPath = "/bin/sh";
			shellScript = "make -C /Users/Mat/pencil2d/resources/translations -f qt_makeqmake.mak";
			showEnvVarsInLog = "0";
		};
		E7A789ECFE8994C38A312B1F = {
			isa = PBXFileReference;
			path = "/Users/Mat/pencil2d/resources/translations/dummy.cpp";
			name = "dummy.cpp";
			sourceTree = "<absolute>";
			lastKnownFileType = "sourcecode.cpp.cpp";
		};
		6CC58C934B44879DF2895D69 = {
			fileRef = "E7A789ECFE8994C38A312B1F";
			isa = PBXBuildFile;
			settings = {
				ATTRIBUTES = (
					);
			};
		};
		4D30183B9BF24526810E234C = {
			isa = PBXFileReference;
			path = "/Users/Mat/pencil2d/resources/translations/translations.pro";
			name = "translations.pro";
			sourceTree = "<absolute>";
			lastKnownFileType = "text";
		};
		DA3AA76364E336A2187A2B6E = {
			isa = PBXFileReference;
			path = "/Users/Mat/pencil2d/.qmake.stash";
			name = ".qmake.stash";
			sourceTree = "<absolute>";
		};
		E56992BCD917934DD71CFD24 = {
			isa = PBXFileReference;
			path = "/Users/Mat/pencil2d/resources/translations/pencil.ts";
			name = "pencil.ts";
			sourceTree = "<absolute>";
		};
		EEB06E446A3A4E7ECD04B7EB = {
			fileRef = "E56992BCD917934DD71CFD24";
			isa = PBXBuildFile;
			settings = {
				ATTRIBUTES = (
					);
			};
		};
		33FA18EEC9F62567CAFD402B = {
			isa = PBXFileReference;
			path = "/Users/Mat/pencil2d/resources/translations/pencil2d_cs.ts";
			name = "pencil2d_cs.ts";
			sourceTree = "<absolute>";
		};
		D24F9BC01FEA8F3954BA3944 = {
			fileRef = "33FA18EEC9F62567CAFD402B";
			isa = PBXBuildFile;
			settings = {
				ATTRIBUTES = (
					);
			};
		};
		8E9DDA17BDA7D2B0BA5267A8 = {
			isa = PBXFileReference;
			path = "/Users/Mat/pencil2d/resources/translations/pencil2d_da.ts";
			name = "pencil2d_da.ts";
			sourceTree = "<absolute>";
		};
		EC354BEFDA00C68EE11F25C5 = {
			fileRef = "8E9DDA17BDA7D2B0BA5267A8";
			isa = PBXBuildFile;
			settings = {
				ATTRIBUTES = (
					);
			};
		};
		3F0394705BCDED490B63AE6F = {
			isa = PBXFileReference;
			path = "/Users/Mat/pencil2d/resources/translations/pencil2d_de.ts";
			name = "pencil2d_de.ts";
			sourceTree = "<absolute>";
		};
		642FBEE283A516DAD730B696 = {
			fileRef = "3F0394705BCDED490B63AE6F";
			isa = PBXBuildFile;
			settings = {
				ATTRIBUTES = (
					);
			};
		};
		26E55249BCA6748754EB3AB2 = {
			isa = PBXFileReference;
			path = "/Users/Mat/pencil2d/resources/translations/pencil2d_fr.ts";
			name = "pencil2d_fr.ts";
			sourceTree = "<absolute>";
		};
		6C99B5979856E610CBF02350 = {
			fileRef = "26E55249BCA6748754EB3AB2";
			isa = PBXBuildFile;
			settings = {
				ATTRIBUTES = (
					);
			};
		};
		992FADF15D87AB2429DEDDD4 = {
			isa = PBXFileReference;
			path = "/Users/Mat/pencil2d/resources/translations/pencil2d_it.ts";
			name = "pencil2d_it.ts";
			sourceTree = "<absolute>";
		};
		91A595EABE363F267D218B0A = {
			fileRef = "992FADF15D87AB2429DEDDD4";
			isa = PBXBuildFile;
			settings = {
				ATTRIBUTES = (
					);
			};
		};
		AEE2C1427D075AA4A919B8A7 = {
			isa = PBXFileReference;
			path = "/Users/Mat/pencil2d/resources/translations/pencil2d_ja.ts";
			name = "pencil2d_ja.ts";
			sourceTree = "<absolute>";
		};
		621FFB81C33BA5D857AC4A48 = {
			fileRef = "AEE2C1427D075AA4A919B8A7";
			isa = PBXBuildFile;
			settings = {
				ATTRIBUTES = (
					);
			};
		};
		4EA3F5B52931DDEE6E2AF63E = {
			isa = PBXFileReference;
			path = "/Users/Mat/pencil2d/resources/translations/pencil2d_zh-TW.ts";
			name = "pencil2d_zh-TW.ts";
			sourceTree = "<absolute>";
		};
		BA92EC21896CB6048A40B03F = {
			fileRef = "4EA3F5B52931DDEE6E2AF63E";
			isa = PBXBuildFile;
			settings = {
				ATTRIBUTES = (
					);
			};
		};
		2EB56BE3C2D93CDAB0C52E67 = {
			isa = PBXGroup;
			children = (
				"E7A789ECFE8994C38A312B1F");
			name = "Sources";
			sourceTree = "<Group>";
		};
		63B09C2A8A18D6B6F8DA311C = {
			isa = PBXGroup;
			children = (
				"E56992BCD917934DD71CFD24",
				"33FA18EEC9F62567CAFD402B",
				"8E9DDA17BDA7D2B0BA5267A8",
				"3F0394705BCDED490B63AE6F",
				"26E55249BCA6748754EB3AB2",
				"992FADF15D87AB2429DEDDD4",
				"AEE2C1427D075AA4A919B8A7",
				"4EA3F5B52931DDEE6E2AF63E");
			name = "Sources [updateqm]";
			sourceTree = "<Group>";
		};
		74B182DB50CB5611B5C1C297 = {
			isa = PBXGroup;
			children = (
				"4D30183B9BF24526810E234C",
				"DA3AA76364E336A2187A2B6E");
			name = "Supporting Files";
			sourceTree = "<Group>";
		};
		7EF0942E79C014DCEC8976BC = {
			buildActionMask = 2147483647;
			files = (
				);
			isa = PBXShellScriptBuildPhase;
			runOnlyForDeploymentPostprocessing = 0;
			name = "Qt Preprocessors";
			shellPath = "/bin/sh";
			shellScript = "make -C /Users/Mat/pencil2d/resources/translations -f qt_preprocess.mak";
			showEnvVarsInLog = "0";
		};
		F7E50F631C51CD5B5DC0BC43 = {
			buildActionMask = 2147483647;
			files = (
				"6CC58C934B44879DF2895D69");
			isa = PBXSourcesBuildPhase;
			runOnlyForDeploymentPostprocessing = 0;
			name = "Compile Sources";
		};
		D1C883685E82D5676953459A = {
			buildActionMask = 2147483647;
			files = (
				);
			isa = PBXFrameworksBuildPhase;
			runOnlyForDeploymentPostprocessing = 0;
			name = "Link Binary With Libraries";
		};
		A961A86238E3226A7C45D777 = {
			isa = PBXFileReference;
			includeInIndex = 0;
			explicitFileType = "compiled.mach-o.dylib";
			path = "libtranslations.a";
			sourceTree = BUILT_PRODUCTS_DIR;
		};
		FE0A091FDBFB3E9C31B7A1BD = {
			children = (
				"A961A86238E3226A7C45D777");
			isa = PBXGroup;
			name = "Products";
			sourceTree = "<Group>";
		};
		E8C543AB96796ECAA2E65C57 = {
			children = (
				"2EB56BE3C2D93CDAB0C52E67",
				"74B182DB50CB5611B5C1C297",
				"63B09C2A8A18D6B6F8DA311C",
				"FE0A091FDBFB3E9C31B7A1BD");
			isa = PBXGroup;
			name = "translations";
			sourceTree = "<Group>";
		};
		AA0D09D22B6A7FCD42D7377F = {
			buildPhases = (
				"5E618435888B9D49F8540165",
				"7EF0942E79C014DCEC8976BC");
			dependencies = (
				);
			buildConfigurationList = 6CC3B5D2136C7CD6A5CF5A59;
			isa = PBXAggregateTarget;
			buildRules = (
);
			productName = "Qt Preprocess";
			name = "Qt Preprocess";
		};
		7A2B530365C712466F58CA0E = {
			isa = PBXTargetDependency;
			target = "AA0D09D22B6A7FCD42D7377F";
		};
		B4E0F91BBC7196C86BA25CEB = {
			buildPhases = (
				"F7E50F631C51CD5B5DC0BC43",
				"D1C883685E82D5676953459A");
			dependencies = (
				"7A2B530365C712466F58CA0E");
			productReference = "A961A86238E3226A7C45D777";
			buildConfigurationList = 6CC3B5D2136C7CD6A5CF5A59;
			isa = PBXNativeTarget;
			buildRules = (
);
			name = "translations";
			productName = "translations";
			productType = "com.apple.product-type.library.static";
		};
		3AA6C32AC930069E80220CF1 = {
			isa = XCBuildConfiguration;
			buildSettings = {
				COPY_PHASE_STRIP = "NO";
				ENABLE_BITCODE = "NO";
				GCC_GENERATE_DEBUGGING_SYMBOLS = "YES";
				GCC_OPTIMIZATION_LEVEL = "0";
				PRODUCT_NAME = "translations";
				QT_LIBRARY_SUFFIX = "_debug";
				SDKROOT = "macosx";
				GCC_VERSION = com.apple.compilers.llvm.clang.1_0;
				CC = "/Applications/Xcode.app/Contents/Developer/Toolchains/XcodeDefault.xctoolchain/usr/bin/clang";
				LDPLUSPLUS = "/Applications/Xcode.app/Contents/Developer/Toolchains/XcodeDefault.xctoolchain/usr/bin/clang++";
				SYMROOT = "/Users/Mat/pencil2d/resources/translations";
				INSTALL_PATH = "";
				DYLIB_CURRENT_VERSION = "1.0.0";
				DYLIB_COMPATIBILITY_VERSION = "1.0";
				MACOSX_DEPLOYMENT_TARGET = "10.7";
				HEADER_SEARCH_PATHS = (
					".",
					"../../../Qt5.5/5.5/clang_64/lib/QtGui.framework/Headers",
					"../../../Qt5.5/5.5/clang_64/lib/QtCore.framework/Headers",
					".",
					"/Applications/Xcode.app/Contents/Developer/Platforms/MacOSX.platform/Developer/SDKs/MacOSX10.10.sdk/System/Library/Frameworks/OpenGL.framework/Headers",
					"/Applications/Xcode.app/Contents/Developer/Platforms/MacOSX.platform/Developer/SDKs/MacOSX10.10.sdk/System/Library/Frameworks/AGL.framework/Headers/",
					"../../../Qt5.5/5.5/clang_64/mkspecs/macx-clang");
				LIBRARY_SEARCH_PATHS = (
					);
				FRAMEWORK_SEARCH_PATHS = (
					"/Users/Mat/Qt5.5/5.5/clang_64/lib");
				OTHER_CFLAGS = (
					"-pipe",
					"-O2",
					"-fPIC",
					"-Wall",
					"-W",
					"-DQT_NO_DEBUG",
					"-DQT_GUI_LIB",
					"-DQT_CORE_LIB");
				OTHER_CPLUSPLUSFLAGS = (
					"-pipe",
					"-O2",
					"-fPIC",
					"-Wall",
					"-W",
					"-DQT_NO_DEBUG",
					"-DQT_GUI_LIB",
					"-DQT_CORE_LIB");
				ARCHS = "x86_64";
			};
			name = "Debug";
		};
		77418F46922677BB04ED38DD = {
			isa = XCBuildConfiguration;
			buildSettings = {
				COPY_PHASE_STRIP = "NO";
				ENABLE_BITCODE = "NO";
				GCC_GENERATE_DEBUGGING_SYMBOLS = "YES";
				GCC_OPTIMIZATION_LEVEL = "0";
				PRODUCT_NAME = "translations";
				QT_LIBRARY_SUFFIX = "_debug";
				SDKROOT = "macosx";
				LIBRARY_STYLE = "STATIC";
				PRODUCT_NAME = "translations";
			};
			name = "Debug";
		};
		339EE1B2CC4FC24589A0EA95 = {
			isa = XCBuildConfiguration;
			buildSettings = {
				COPY_PHASE_STRIP = "YES";
				ENABLE_BITCODE = "NO";
				GCC_GENERATE_DEBUGGING_SYMBOLS = "NO";
				PRODUCT_NAME = "translations";
				QT_LIBRARY_SUFFIX = "";
				SDKROOT = "macosx";
				GCC_VERSION = com.apple.compilers.llvm.clang.1_0;
				CC = "/Applications/Xcode.app/Contents/Developer/Toolchains/XcodeDefault.xctoolchain/usr/bin/clang";
				LDPLUSPLUS = "/Applications/Xcode.app/Contents/Developer/Toolchains/XcodeDefault.xctoolchain/usr/bin/clang++";
				SYMROOT = "/Users/Mat/pencil2d/resources/translations";
				INSTALL_PATH = "";
				DYLIB_CURRENT_VERSION = "1.0.0";
				DYLIB_COMPATIBILITY_VERSION = "1.0";
				MACOSX_DEPLOYMENT_TARGET = "10.7";
				HEADER_SEARCH_PATHS = (
					".",
					"../../../Qt5.5/5.5/clang_64/lib/QtGui.framework/Headers",
					"../../../Qt5.5/5.5/clang_64/lib/QtCore.framework/Headers",
					".",
					"/Applications/Xcode.app/Contents/Developer/Platforms/MacOSX.platform/Developer/SDKs/MacOSX10.10.sdk/System/Library/Frameworks/OpenGL.framework/Headers",
					"/Applications/Xcode.app/Contents/Developer/Platforms/MacOSX.platform/Developer/SDKs/MacOSX10.10.sdk/System/Library/Frameworks/AGL.framework/Headers/",
					"../../../Qt5.5/5.5/clang_64/mkspecs/macx-clang");
				LIBRARY_SEARCH_PATHS = (
					);
				FRAMEWORK_SEARCH_PATHS = (
					"/Users/Mat/Qt5.5/5.5/clang_64/lib");
				OTHER_CFLAGS = (
					"-pipe",
					"-O2",
					"-fPIC",
					"-Wall",
					"-W",
					"-DQT_NO_DEBUG",
					"-DQT_GUI_LIB",
					"-DQT_CORE_LIB");
				OTHER_CPLUSPLUSFLAGS = (
					"-pipe",
					"-O2",
					"-fPIC",
					"-Wall",
					"-W",
					"-DQT_NO_DEBUG",
					"-DQT_GUI_LIB",
					"-DQT_CORE_LIB");
				ARCHS = "x86_64";
			};
			name = "Release";
		};
		6666AA5E688052234F6758D8 = {
			isa = XCBuildConfiguration;
			buildSettings = {
				COPY_PHASE_STRIP = "YES";
				ENABLE_BITCODE = "NO";
				GCC_GENERATE_DEBUGGING_SYMBOLS = "NO";
				PRODUCT_NAME = "translations";
				QT_LIBRARY_SUFFIX = "";
				SDKROOT = "macosx";
				LIBRARY_STYLE = "STATIC";
				PRODUCT_NAME = "translations";
			};
			name = "Release";
		};
		DAC4C1AA5EDEA1C85E9CA5E6 = {
			isa = XCConfigurationList;
			buildConfigurations = (
				"3AA6C32AC930069E80220CF1",
				"339EE1B2CC4FC24589A0EA95");
			defaultConfigurationIsVisible = 0;
			defaultConfigurationName = "Release";
		};
		6CC3B5D2136C7CD6A5CF5A59 = {
			isa = XCConfigurationList;
			buildConfigurations = (
				"77418F46922677BB04ED38DD",
				"6666AA5E688052234F6758D8");
			defaultConfigurationIsVisible = 0;
			defaultConfigurationName = "Release";
		};
		6DB9C3763D02B1415CD9D565 = {
			hasScannedForEncodings = 1;
			compatibilityVersion = "Xcode 3.2";
			isa = PBXProject;
			mainGroup = "E8C543AB96796ECAA2E65C57";
			productRefGroup = "FE0A091FDBFB3E9C31B7A1BD";
			buildConfigurationList = "DAC4C1AA5EDEA1C85E9CA5E6";
			projectDirPath = "";
			projectRoot = "";
			targets = (
				"B4E0F91BBC7196C86BA25CEB",
				"AA0D09D22B6A7FCD42D7377F");
			attributes = {
				TargetAttributes = {
				};
			};
		};
	};
	rootObject = "6DB9C3763D02B1415CD9D565";
}
